
Microsoft Visual Studio Solution File, Format Version 12.00
# Visual Studio Version 16
VisualStudioVersion = 16.0.31112.23
MinimumVisualStudioVersion = 10.0.40219.1
Project("{FAE04EC0-301F-11D3-BF4B-00C04F79EFBC}") = "FocusStart_TestTask", "FocusStart_TestTask\FocusStart_TestTask.csproj", "{8ED0C70C-281B-4FBA-8FE6-FA66A2DB828F}"
EndProject
Global
	GlobalSection(SolutionConfigurationPlatforms) = preSolution
		Debug|Any CPU = Debug|Any CPU
		Release|Any CPU = Release|Any CPU
	EndGlobalSection
	GlobalSection(ProjectConfigurationPlatforms) = postSolution
		{8ED0C70C-281B-4FBA-8FE6-FA66A2DB828F}.Debug|Any CPU.ActiveCfg = Debug|Any CPU
		{8ED0C70C-281B-4FBA-8FE6-FA66A2DB828F}.Debug|Any CPU.Build.0 = Debug|Any CPU
		{8ED0C70C-281B-4FBA-8FE6-FA66A2DB828F}.Release|Any CPU.ActiveCfg = Release|Any CPU
		{8ED0C70C-281B-4FBA-8FE6-FA66A2DB828F}.Release|Any CPU.Build.0 = Release|Any CPU
	EndGlobalSection
	GlobalSection(SolutionProperties) = preSolution
		HideSolutionNode = FALSE
	EndGlobalSection
	GlobalSection(ExtensibilityGlobals) = postSolution
		SolutionGuid = {0CE81BC3-F266-4B20-8ABE-6F6EA608DCB5}
	EndGlobalSection
EndGlobal
